
Microsoft Visual Studio Solution File, Format Version 12.00
# Visual Studio Version 17
VisualStudioVersion = 17.2.32519.379
MinimumVisualStudioVersion = 10.0.40219.1
Project("{FAE04EC0-301F-11D3-BF4B-00C04F79EFBC}") = "Linq_Example", "Linq_Example\Linq_Example.csproj", "{B2D910BF-D41F-4318-8D5D-BCFEEE111C6F}"
EndProject
Global
	GlobalSection(SolutionConfigurationPlatforms) = preSolution
		Debug|Any CPU = Debug|Any CPU
		Release|Any CPU = Release|Any CPU
	EndGlobalSection
	GlobalSection(ProjectConfigurationPlatforms) = postSolution
		{B2D910BF-D41F-4318-8D5D-BCFEEE111C6F}.Debug|Any CPU.ActiveCfg = Debug|Any CPU
		{B2D910BF-D41F-4318-8D5D-BCFEEE111C6F}.Debug|Any CPU.Build.0 = Debug|Any CPU
		{B2D910BF-D41F-4318-8D5D-BCFEEE111C6F}.Release|Any CPU.ActiveCfg = Release|Any CPU
		{B2D910BF-D41F-4318-8D5D-BCFEEE111C6F}.Release|Any CPU.Build.0 = Release|Any CPU
	EndGlobalSection
	GlobalSection(SolutionProperties) = preSolution
		HideSolutionNode = FALSE
	EndGlobalSection
	GlobalSection(ExtensibilityGlobals) = postSolution
		SolutionGuid = {5EAB4A64-02BF-45D2-A3EC-3248819A049C}
	EndGlobalSection
EndGlobal
